
Microsoft Visual Studio Solution File, Format Version 12.00
# Visual Studio Version 17
VisualStudioVersion = 17.6.33829.357
MinimumVisualStudioVersion = 10.0.40219.1
Project("{FAE04EC0-301F-11D3-BF4B-00C04F79EFBC}") = "FrmBasicThread1", "FrmBasicThread1\FrmBasicThread1.csproj", "{583A5BEA-8E80-48C4-8D0B-118D6F0ABB1B}"
EndProject
Global
	GlobalSection(SolutionConfigurationPlatforms) = preSolution
		Debug|Any CPU = Debug|Any CPU
		Release|Any CPU = Release|Any CPU
	EndGlobalSection
	GlobalSection(ProjectConfigurationPlatforms) = postSolution
		{583A5BEA-8E80-48C4-8D0B-118D6F0ABB1B}.Debug|Any CPU.ActiveCfg = Debug|Any CPU
		{583A5BEA-8E80-48C4-8D0B-118D6F0ABB1B}.Debug|Any CPU.Build.0 = Debug|Any CPU
		{583A5BEA-8E80-48C4-8D0B-118D6F0ABB1B}.Release|Any CPU.ActiveCfg = Release|Any CPU
		{583A5BEA-8E80-48C4-8D0B-118D6F0ABB1B}.Release|Any CPU.Build.0 = Release|Any CPU
	EndGlobalSection
	GlobalSection(SolutionProperties) = preSolution
		HideSolutionNode = FALSE
	EndGlobalSection
	GlobalSection(ExtensibilityGlobals) = postSolution
		SolutionGuid = {663C2EE3-D762-4386-A729-F38E344669D2}
	EndGlobalSection
EndGlobal
